
Microsoft Visual Studio Solution File, Format Version 12.00
# Visual Studio Version 16
VisualStudioVersion = 16.0.29025.244
MinimumVisualStudioVersion = 10.0.40219.1
Project("{FAE04EC0-301F-11D3-BF4B-00C04F79EFBC}") = "ML.HelloWorld", "ML.HelloWorld\ML.HelloWorld.csproj", "{D34C3C68-38D1-409D-90EB-5BFBB149C2C4}"
EndProject
Project("{9A19103F-16F7-4668-BE54-9A1E7A4F7556}") = "ML.HelloWorldML.Model", "ML.HelloWorldML.Model\ML.HelloWorldML.Model.csproj", "{13668624-95B9-464F-A989-5917FEB485A8}"
EndProject
Project("{9A19103F-16F7-4668-BE54-9A1E7A4F7556}") = "ML.HelloWorldML.ConsoleApp", "ML.HelloWorldML.ConsoleApp\ML.HelloWorldML.ConsoleApp.csproj", "{35A8857A-EC37-4B0C-B45C-627B397E56F7}"
EndProject
Global
	GlobalSection(SolutionConfigurationPlatforms) = preSolution
		Debug|Any CPU = Debug|Any CPU
		Release|Any CPU = Release|Any CPU
	EndGlobalSection
	GlobalSection(ProjectConfigurationPlatforms) = postSolution
		{D34C3C68-38D1-409D-90EB-5BFBB149C2C4}.Debug|Any CPU.ActiveCfg = Debug|Any CPU
		{D34C3C68-38D1-409D-90EB-5BFBB149C2C4}.Debug|Any CPU.Build.0 = Debug|Any CPU
		{D34C3C68-38D1-409D-90EB-5BFBB149C2C4}.Release|Any CPU.ActiveCfg = Release|Any CPU
		{D34C3C68-38D1-409D-90EB-5BFBB149C2C4}.Release|Any CPU.Build.0 = Release|Any CPU
		{13668624-95B9-464F-A989-5917FEB485A8}.Debug|Any CPU.ActiveCfg = Debug|Any CPU
		{13668624-95B9-464F-A989-5917FEB485A8}.Debug|Any CPU.Build.0 = Debug|Any CPU
		{13668624-95B9-464F-A989-5917FEB485A8}.Release|Any CPU.ActiveCfg = Release|Any CPU
		{13668624-95B9-464F-A989-5917FEB485A8}.Release|Any CPU.Build.0 = Release|Any CPU
		{35A8857A-EC37-4B0C-B45C-627B397E56F7}.Debug|Any CPU.ActiveCfg = Debug|Any CPU
		{35A8857A-EC37-4B0C-B45C-627B397E56F7}.Debug|Any CPU.Build.0 = Debug|Any CPU
		{35A8857A-EC37-4B0C-B45C-627B397E56F7}.Release|Any CPU.ActiveCfg = Release|Any CPU
		{35A8857A-EC37-4B0C-B45C-627B397E56F7}.Release|Any CPU.Build.0 = Release|Any CPU
	EndGlobalSection
	GlobalSection(SolutionProperties) = preSolution
		HideSolutionNode = FALSE
	EndGlobalSection
	GlobalSection(ExtensibilityGlobals) = postSolution
		SolutionGuid = {36B511E4-84DC-4DC2-BE51-D12716BAC846}
	EndGlobalSection
EndGlobal
